{
    "_meta": {
        "hash": {
            "sha256": "04d7e11d3eef60124bdb4f6c2654cce1c2b31a4cc7b3d4a5052a22ea7e165d2b"
        },
        "pipfile-spec": 6,
        "requires": {
            "python_version": "3.7"
        },
        "sources": [
            {
                "name": "pypi",
                "url": "https://pypi.org/simple",
                "verify_ssl": true
            }
        ]
    },
    "default": {
        "numpy": {
            "hashes": [
                "sha256:14804866e57322bf601c966e428c271b7e301b631bdfbe0522800483b802bc58",
                "sha256:15db548aade41e32bfb6f6d3d9e91797261197622afe4102f79220d17da2a29f",
                "sha256:16507ba6617f62ae3c6ab1725ae6f550331025d4d9a369b83f6d5a470446c342",
                "sha256:1739f079e2fcc985cc187aa3ce489d127a02ff12bcc5178269bb7ce5dc860e8f",
                "sha256:259b5aa0a1d2e63bbe9d985bc8249b515541b9993e1b1540563428f5db7bc389",
                "sha256:31db2f9604afbf897b23478942074bbbb2513467d2b4b4ac573a7b65c63c073c",
                "sha256:348efb76a26f9f3235e492813503639731a885aa5780579ee28d688607d188b2",
                "sha256:4760bcc6adaf0d853379d01ce60f320e5ab6d0d719662aef3c460dad3cf79989",
                "sha256:5347fc1258ebe501d352363da06229fc97785d67423b56a9fd032a8389355781",
                "sha256:6167d214a842610d4168311d803f2a6f2c1a9a866b6b370f7408ba508d265add",
                "sha256:6338f8fa99ea0b00944a256941eea406089a9c0242f594b69289edd91e2d6192",
                "sha256:68bdc37f3ccdc3e945914b3201acd8823ac9dec870ede5371cd5cfedcf5a901a",
                "sha256:6c6cab8089ad39554d7fed04d338e7bd7ea6ac48235a542ea0b37214c8d0a9bc",
                "sha256:73d20aebe518997dce89da356d4b8e4cf60143151c22a0ec76cb00840bb09320",
                "sha256:8ba8ef37b16288dd2390cd9dea3c8470436f6cfe4c665f4640c349e98bae2908",
                "sha256:aa3dd92c1427e032fe345f054503f45c9fc7883aa7156a60900641259dd78a78",
                "sha256:af51bc1d78ddc1588115b73a1d3824440f5cf55c498681e8ac4ab2f28f0efa99",
                "sha256:c3fb7eb84cd455ea2294980e557cc40b0042f7fc7ebab28c74ccae85c8b0c2c4",
                "sha256:ca43581440ce2585f83c8d524c3435569b212bf281b7c67395e78260fcffb341",
                "sha256:d977a91f7b02b14843562d2e8740acfdfb46996e64985b69b2d404bfa43bc07d",
                "sha256:fc56ec046a2cc3aba91fe29e482c145c17925db1b00eafa924d9e16020a3eb88"
            ],
            "markers": "python_version >= '3.5'",
            "version": "==1.17.5"
        },
        "slowdl": {
            "editable": true,
            "path": "."
        }
    },
    "develop": {
        "appdirs": {
            "hashes": [
                "sha256:7d5d0167b2b1ba821647616af46a749d1c653740dd0d2415100fe26e27afdf41",
                "sha256:a841dacd6b99318a741b166adb07e19ee71a274450e68237b4650ca1055ab128"
            ],
            "version": "==1.4.4"
        },
        "attrs": {
            "hashes": [
                "sha256:31b2eced602aa8423c2aea9c76a724617ed67cf9513173fd3a4f03e3a929c7e6",
                "sha256:832aa3cde19744e49938b91fea06d69ecb9e649c93ba974535d08ad92164f700"
            ],
            "markers": "python_version >= '2.7' and python_version not in '3.0, 3.1, 3.2, 3.3'",
            "version": "==20.3.0"
        },
        "cfgv": {
            "hashes": [
                "sha256:32e43d604bbe7896fe7c248a9c2276447dbef840feb28fe20494f62af110211d",
                "sha256:cf22deb93d4bcf92f345a5c3cd39d3d41d6340adc60c78bbbd6588c384fda6a1"
            ],
            "markers": "python_full_version >= '3.6.1'",
            "version": "==3.2.0"
        },
        "dataclasses": {
            "hashes": [
                "sha256:454a69d788c7fda44efd71e259be79577822f5e3f53f029a22d08004e951dc9f",
                "sha256:6988bd2b895eef432d562370bb707d540f32f7360ab13da45340101bc2307d84"
            ],
            "version": "==0.6"
        },
        "distlib": {
            "hashes": [
                "sha256:8c09de2c67b3e7deef7184574fc060ab8a793e7adbb183d942c389c8b13c52fb",
                "sha256:edf6116872c863e1aa9d5bb7cb5e05a022c519a4594dc703843343a9ddd9bff1"
            ],
            "version": "==0.3.1"
        },
        "filelock": {
            "hashes": [
                "sha256:18d82244ee114f543149c66a6e0c14e9c4f8a1044b5cdaadd0f82159d6a6ff59",
                "sha256:929b7d63ec5b7d6b71b0fa5ac14e030b3f70b75747cef1b10da9b879fef15836"
            ],
            "version": "==3.0.12"
        },
        "future": {
            "hashes": [
                "sha256:b1bead90b70cf6ec3f0710ae53a525360fa360d306a86583adc6bf83a4db537d"
            ],
            "markers": "python_version >= '2.6' and python_version not in '3.0, 3.1, 3.2, 3.3'",
            "version": "==0.18.2"
        },
        "identify": {
            "hashes": [
                "sha256:943cd299ac7f5715fcb3f684e2fc1594c1e0f22a90d15398e5888143bd4144b5",
                "sha256:cc86e6a9a390879dcc2976cef169dd9cc48843ed70b7380f321d1b118163c60e"
            ],
            "markers": "python_version >= '2.7' and python_version not in '3.0, 3.1, 3.2, 3.3'",
            "version": "==1.5.10"
        },
        "importlib-metadata": {
            "hashes": [
                "sha256:d582eb5c35b2f16c78e365e0f89e369f36af38fdaad0146208aa973c693ba247",
                "sha256:fc3b3f9697703d3833d2803162d60cbe8b9f57b5da5e6496ac81e3cb82bd8d9c"
            ],
            "markers": "python_version < '3.8'",
            "version": "==3.0.0"
        },
        "iniconfig": {
            "hashes": [
                "sha256:011e24c64b7f47f6ebd835bb12a743f2fbe9a26d4cecaa7f53bc4f35ee9da8b3",
                "sha256:bc3af051d7d14b2ee5ef9969666def0cd1a000e121eaea580d4a313df4b37f32"
            ],
            "version": "==1.1.1"
        },
        "nodeenv": {
            "hashes": [
                "sha256:5304d424c529c997bc888453aeaa6362d242b6b4631e90f3d4bf1b290f1c84a9",
                "sha256:ab45090ae383b716c4ef89e690c41ff8c2b257b85b309f01f3654df3d084bd7c"
            ],
            "version": "==1.5.0"
        },
        "numpy": {
            "hashes": [
                "sha256:14804866e57322bf601c966e428c271b7e301b631bdfbe0522800483b802bc58",
                "sha256:15db548aade41e32bfb6f6d3d9e91797261197622afe4102f79220d17da2a29f",
                "sha256:16507ba6617f62ae3c6ab1725ae6f550331025d4d9a369b83f6d5a470446c342",
                "sha256:1739f079e2fcc985cc187aa3ce489d127a02ff12bcc5178269bb7ce5dc860e8f",
                "sha256:259b5aa0a1d2e63bbe9d985bc8249b515541b9993e1b1540563428f5db7bc389",
                "sha256:31db2f9604afbf897b23478942074bbbb2513467d2b4b4ac573a7b65c63c073c",
                "sha256:348efb76a26f9f3235e492813503639731a885aa5780579ee28d688607d188b2",
                "sha256:4760bcc6adaf0d853379d01ce60f320e5ab6d0d719662aef3c460dad3cf79989",
                "sha256:5347fc1258ebe501d352363da06229fc97785d67423b56a9fd032a8389355781",
                "sha256:6167d214a842610d4168311d803f2a6f2c1a9a866b6b370f7408ba508d265add",
                "sha256:6338f8fa99ea0b00944a256941eea406089a9c0242f594b69289edd91e2d6192",
                "sha256:68bdc37f3ccdc3e945914b3201acd8823ac9dec870ede5371cd5cfedcf5a901a",
                "sha256:6c6cab8089ad39554d7fed04d338e7bd7ea6ac48235a542ea0b37214c8d0a9bc",
                "sha256:73d20aebe518997dce89da356d4b8e4cf60143151c22a0ec76cb00840bb09320",
                "sha256:8ba8ef37b16288dd2390cd9dea3c8470436f6cfe4c665f4640c349e98bae2908",
                "sha256:aa3dd92c1427e032fe345f054503f45c9fc7883aa7156a60900641259dd78a78",
                "sha256:af51bc1d78ddc1588115b73a1d3824440f5cf55c498681e8ac4ab2f28f0efa99",
                "sha256:c3fb7eb84cd455ea2294980e557cc40b0042f7fc7ebab28c74ccae85c8b0c2c4",
                "sha256:ca43581440ce2585f83c8d524c3435569b212bf281b7c67395e78260fcffb341",
                "sha256:d977a91f7b02b14843562d2e8740acfdfb46996e64985b69b2d404bfa43bc07d",
                "sha256:fc56ec046a2cc3aba91fe29e482c145c17925db1b00eafa924d9e16020a3eb88"
            ],
            "markers": "python_version >= '3.5'",
            "version": "==1.17.5"
        },
        "packaging": {
            "hashes": [
                "sha256:4357f74f47b9c12db93624a82154e9b120fa8293699949152b22065d556079f8",
                "sha256:998416ba6962ae7fbd6596850b80e17859a5753ba17c32284f67bfff33784181"
            ],
            "markers": "python_version >= '2.7' and python_version not in '3.0, 3.1, 3.2, 3.3'",
            "version": "==20.4"
        },
        "pluggy": {
            "hashes": [
                "sha256:15b2acde666561e1298d71b523007ed7364de07029219b604cf808bfa1c765b0",
                "sha256:966c145cd83c96502c3c3868f50408687b38434af77734af1e9ca461a4081d2d"
            ],
            "markers": "python_version >= '2.7' and python_version not in '3.0, 3.1, 3.2, 3.3'",
            "version": "==0.13.1"
        },
        "pre-commit": {
            "hashes": [
                "sha256:4aee0db4808fa48d2458cedd5b9a084ef24dda1a0fa504432a11977a4d1cfd0a",
                "sha256:b2d106d51c6ba6217e859d81774aae33fd825fe7de0dcf0c46e2586333d7a92e"
            ],
            "index": "pypi",
            "version": "==2.9.0"
        },
        "py": {
            "hashes": [
                "sha256:366389d1db726cd2fcfc79732e75410e5fe4d31db13692115529d34069a043c2",
                "sha256:9ca6883ce56b4e8da7e79ac18787889fa5206c79dcc67fb065376cd2fe03f342"
            ],
            "markers": "python_version >= '2.7' and python_version not in '3.0, 3.1, 3.2, 3.3'",
            "version": "==1.9.0"
        },
        "pyparsing": {
            "hashes": [
                "sha256:c203ec8783bf771a155b207279b9bccb8dea02d8f0c9e5f8ead507bc3246ecc1",
                "sha256:ef9d7589ef3c200abe66653d3f1ab1033c3c419ae9b9bdb1240a85b024efc88b"
            ],
            "markers": "python_version >= '2.6' and python_version not in '3.0, 3.1, 3.2, 3.3'",
            "version": "==2.4.7"
        },
        "pytest": {
            "hashes": [
                "sha256:4288fed0d9153d9646bfcdf0c0428197dba1ecb27a33bb6e031d002fa88653fe",
                "sha256:c0a7e94a8cdbc5422a51ccdad8e6f1024795939cc89159a0ae7f0b316ad3823e"
            ],
            "index": "pypi",
            "version": "==6.1.2"
        },
        "pyyaml": {
            "hashes": [
                "sha256:06a0d7ba600ce0b2d2fe2e78453a470b5a6e000a985dd4a4e54e436cc36b0e97",
                "sha256:240097ff019d7c70a4922b6869d8a86407758333f02203e0fc6ff79c5dcede76",
                "sha256:4f4b913ca1a7319b33cfb1369e91e50354d6f07a135f3b901aca02aa95940bd2",
                "sha256:6034f55dab5fea9e53f436aa68fa3ace2634918e8b5994d82f3621c04ff5ed2e",
                "sha256:69f00dca373f240f842b2931fb2c7e14ddbacd1397d57157a9b005a6a9942648",
                "sha256:73f099454b799e05e5ab51423c7bcf361c58d3206fa7b0d555426b1f4d9a3eaf",
                "sha256:74809a57b329d6cc0fdccee6318f44b9b8649961fa73144a98735b0aaf029f1f",
                "sha256:7739fc0fa8205b3ee8808aea45e968bc90082c10aef6ea95e855e10abf4a37b2",
                "sha256:95f71d2af0ff4227885f7a6605c37fd53d3a106fcab511b8860ecca9fcf400ee",
                "sha256:ad9c67312c84def58f3c04504727ca879cb0013b2517c85a9a253f0cb6380c0a",
                "sha256:b8eac752c5e14d3eca0e6dd9199cd627518cb5ec06add0de9d32baeee6fe645d",
                "sha256:cc8955cfbfc7a115fa81d85284ee61147059a753344bc51098f3ccd69b0d7e0c",
                "sha256:d13155f591e6fcc1ec3b30685d50bf0711574e2c0dfffd7644babf8b5102ca1a"
            ],
            "version": "==5.3.1"
        },
        "six": {
            "hashes": [
                "sha256:30639c035cdb23534cd4aa2dd52c3bf48f06e5f4a941509c8bafd8ce11080259",
                "sha256:8b74bedcbbbaca38ff6d7491d76f2b06b3592611af620f8426e82dddb04a5ced"
            ],
            "markers": "python_version >= '2.7' and python_version not in '3.0, 3.1, 3.2, 3.3'",
            "version": "==1.15.0"
        },
        "toml": {
            "hashes": [
                "sha256:806143ae5bfb6a3c6e736a764057db0e6a0e05e338b5630894a5f779cabb4f9b",
                "sha256:b3bda1d108d5dd99f4a20d24d9c348e91c4db7ab1b749200bded2f839ccbe68f"
            ],
            "markers": "python_version >= '2.6' and python_version not in '3.0, 3.1, 3.2, 3.3'",
            "version": "==0.10.2"
        },
        "torch": {
            "hashes": [
                "sha256:11054f26eee5c3114d217201dba5b3a35f1745d11133c123c077c5981bc95997",
                "sha256:1520c48430dea38e5845b7b3defc9054edad45f1f245808aa268ade840bb2c2a",
                "sha256:6b0c9b56cb56afe3ecbac79351d21c6f7172dffc7b7daa8c365f660541baf1a5",
                "sha256:89cb8774243750bd3fd2b3b3d09bab6e3be68b1785ad48b8411f1eb4fc7acdba",
                "sha256:b8000e39600e101b2f19dbbab75de663a3b78e3979c3e1720b7136aae1c35ce2",
                "sha256:e8cc3b2c3937b7ae036a3b447a189af049bfc006bca054fc1d8ae78766ca3105"
            ],
            "index": "pypi",
            "version": "==1.7.0"
        },
        "typing-extensions": {
            "hashes": [
                "sha256:7cb407020f00f7bfc3cb3e7881628838e69d8f3fcab2f64742a5e76b2f841918",
                "sha256:99d4073b617d30288f569d3f13d2bd7548c3a7e4c8de87db09a9d29bb3a4a60c",
                "sha256:dafc7639cde7f1b6e1acc0f457842a83e722ccca8eef5270af2d74792619a89f"
            ],
            "version": "==3.7.4.3"
        },
        "virtualenv": {
            "hashes": [
                "sha256:07cff122e9d343140366055f31be4dcd61fd598c69d11cd33a9d9c8df4546dd7",
                "sha256:e0aac7525e880a429764cefd3aaaff54afb5d9f25c82627563603f5d7de5a6e5"
            ],
            "markers": "python_version >= '2.7' and python_version not in '3.0, 3.1, 3.2, 3.3'",
            "version": "==20.2.1"
        },
        "zipp": {
            "hashes": [
                "sha256:102c24ef8f171fd729d46599845e95c7ab894a4cf45f5de11a44cc7444fb1108",
                "sha256:ed5eee1974372595f9e416cc7bbeeb12335201d8081ca8a0743c954d4446e5cb"
            ],
            "markers": "python_version >= '3.6'",
            "version": "==3.4.0"
        }
    }
}
